
Microsoft Visual Studio Solution File, Format Version 12.00
# Visual Studio 15
VisualStudioVersion = 15.0.27428.2027
MinimumVisualStudioVersion = 10.0.40219.1
Project("{888888A0-9F3D-457C-B088-3A5042F75D52}") = "ladder_designer", "ladder_designer\ladder_designer.pyproj", "{110FA9A8-EEB8-4DC4-AFCF-B8CCF08ED1BE}"
EndProject
Global
	GlobalSection(SolutionConfigurationPlatforms) = preSolution
		Debug|Any CPU = Debug|Any CPU
		Release|Any CPU = Release|Any CPU
	EndGlobalSection
	GlobalSection(ProjectConfigurationPlatforms) = postSolution
		{110FA9A8-EEB8-4DC4-AFCF-B8CCF08ED1BE}.Debug|Any CPU.ActiveCfg = Debug|Any CPU
		{110FA9A8-EEB8-4DC4-AFCF-B8CCF08ED1BE}.Debug|Any CPU.Build.0 = Debug|Any CPU
		{110FA9A8-EEB8-4DC4-AFCF-B8CCF08ED1BE}.Release|Any CPU.ActiveCfg = Release|Any CPU
		{110FA9A8-EEB8-4DC4-AFCF-B8CCF08ED1BE}.Release|Any CPU.Build.0 = Release|Any CPU
	EndGlobalSection
	GlobalSection(SolutionProperties) = preSolution
		HideSolutionNode = FALSE
	EndGlobalSection
	GlobalSection(ExtensibilityGlobals) = postSolution
		SolutionGuid = {4EA2ABCF-2184-4BCE-8F3B-FA4F9BEF220C}
	EndGlobalSection
EndGlobal
